
Microsoft Visual Studio Solution File, Format Version 12.00
# Visual Studio Version 16
VisualStudioVersion = 16.0.31402.337
MinimumVisualStudioVersion = 10.0.40219.1
Project("{9A19103F-16F7-4668-BE54-9A1E7A4F7556}") = "WhatAppTests", "WhatAppTests\WhatAppTests.csproj", "{304D08A1-6277-4B2B-AF6A-88541777CB79}"
EndProject
Global
	GlobalSection(SolutionConfigurationPlatforms) = preSolution
		Debug|Any CPU = Debug|Any CPU
		Release|Any CPU = Release|Any CPU
	EndGlobalSection
	GlobalSection(ProjectConfigurationPlatforms) = postSolution
		{304D08A1-6277-4B2B-AF6A-88541777CB79}.Debug|Any CPU.ActiveCfg = Debug|Any CPU
		{304D08A1-6277-4B2B-AF6A-88541777CB79}.Debug|Any CPU.Build.0 = Debug|Any CPU
		{304D08A1-6277-4B2B-AF6A-88541777CB79}.Release|Any CPU.ActiveCfg = Release|Any CPU
		{304D08A1-6277-4B2B-AF6A-88541777CB79}.Release|Any CPU.Build.0 = Release|Any CPU
	EndGlobalSection
	GlobalSection(SolutionProperties) = preSolution
		HideSolutionNode = FALSE
	EndGlobalSection
	GlobalSection(ExtensibilityGlobals) = postSolution
		SolutionGuid = {D67C5003-620C-46D3-88C9-13E9A13F9AAA}
	EndGlobalSection
EndGlobal
